
Microsoft Visual Studio Solution File, Format Version 12.00
# Visual Studio Version 17
VisualStudioVersion = 17.3.32922.545
MinimumVisualStudioVersion = 10.0.40219.1
Project("{FAE04EC0-301F-11D3-BF4B-00C04F79EFBC}") = "RDP-Helper", "RDP-Helper.csproj", "{446078B5-61DD-4DBD-8D08-E2D6D09C5B4E}"
EndProject
Global
	GlobalSection(SolutionConfigurationPlatforms) = preSolution
		Debug|Any CPU = Debug|Any CPU
		Release|Any CPU = Release|Any CPU
	EndGlobalSection
	GlobalSection(ProjectConfigurationPlatforms) = postSolution
		{446078B5-61DD-4DBD-8D08-E2D6D09C5B4E}.Debug|Any CPU.ActiveCfg = Debug|Any CPU
		{446078B5-61DD-4DBD-8D08-E2D6D09C5B4E}.Debug|Any CPU.Build.0 = Debug|Any CPU
		{446078B5-61DD-4DBD-8D08-E2D6D09C5B4E}.Release|Any CPU.ActiveCfg = Release|Any CPU
		{446078B5-61DD-4DBD-8D08-E2D6D09C5B4E}.Release|Any CPU.Build.0 = Release|Any CPU
	EndGlobalSection
	GlobalSection(SolutionProperties) = preSolution
		HideSolutionNode = FALSE
	EndGlobalSection
	GlobalSection(ExtensibilityGlobals) = postSolution
		SolutionGuid = {788B3D5F-4FE8-47AE-AA39-E02004C1903F}
	EndGlobalSection
EndGlobal
